
Microsoft Visual Studio Solution File, Format Version 12.00
# Visual Studio 14
VisualStudioVersion = 14.0.25420.1
MinimumVisualStudioVersion = 10.0.40219.1
Project("{FAE04EC0-301F-11D3-BF4B-00C04F79EFBC}") = "Fetch and Store", "Fetch and Store\Fetch and Store.csproj", "{AC581E49-E499-4A4E-B4B4-923DB699CCCA}"
EndProject
Project("{FAE04EC0-301F-11D3-BF4B-00C04F79EFBC}") = "Fetch and Store.Tests", "Fetch and Store.Tests\Fetch and Store.Tests.csproj", "{0AC48689-F7A4-4E4C-908C-DBB602261AA1}"
EndProject
Global
	GlobalSection(SolutionConfigurationPlatforms) = preSolution
		Debug|Any CPU = Debug|Any CPU
		Release|Any CPU = Release|Any CPU
	EndGlobalSection
	GlobalSection(ProjectConfigurationPlatforms) = postSolution
		{AC581E49-E499-4A4E-B4B4-923DB699CCCA}.Debug|Any CPU.ActiveCfg = Debug|Any CPU
		{AC581E49-E499-4A4E-B4B4-923DB699CCCA}.Debug|Any CPU.Build.0 = Debug|Any CPU
		{AC581E49-E499-4A4E-B4B4-923DB699CCCA}.Release|Any CPU.ActiveCfg = Release|Any CPU
		{AC581E49-E499-4A4E-B4B4-923DB699CCCA}.Release|Any CPU.Build.0 = Release|Any CPU
		{0AC48689-F7A4-4E4C-908C-DBB602261AA1}.Debug|Any CPU.ActiveCfg = Debug|Any CPU
		{0AC48689-F7A4-4E4C-908C-DBB602261AA1}.Debug|Any CPU.Build.0 = Debug|Any CPU
		{0AC48689-F7A4-4E4C-908C-DBB602261AA1}.Release|Any CPU.ActiveCfg = Release|Any CPU
		{0AC48689-F7A4-4E4C-908C-DBB602261AA1}.Release|Any CPU.Build.0 = Release|Any CPU
	EndGlobalSection
	GlobalSection(SolutionProperties) = preSolution
		HideSolutionNode = FALSE
	EndGlobalSection
EndGlobal
